
Microsoft Visual Studio Solution File, Format Version 12.00
# Visual Studio 15
VisualStudioVersion = 15.0.26124.0
MinimumVisualStudioVersion = 15.0.26124.0
Project("{2150E333-8FDC-42A3-9474-1A3956D46DE8}") = "src", "src", "{06497DD3-62C0-4CC1-8A27-80DAF481995E}"
EndProject
Project("{FAE04EC0-301F-11D3-BF4B-00C04F79EFBC}") = "Cynthia.Chat.Server", "src\Cynthia.Chat.Server\Cynthia.Chat.Server.csproj", "{00DEE618-00A2-4A73-BC8A-A8E8231AEC0D}"
EndProject
Project("{FAE04EC0-301F-11D3-BF4B-00C04F79EFBC}") = "Cynthia.Chat.Common", "src\Cynthia.Chat.Common\Cynthia.Chat.Common.csproj", "{1B473633-9F7E-41DD-894F-172290E8F8DB}"
EndProject
Project("{FAE04EC0-301F-11D3-BF4B-00C04F79EFBC}") = "Cynthia.Chat.Client", "src\Cynthia.Chat.Client\Cynthia.Chat.Client.csproj", "{5E87308E-B05E-424B-BAD7-95D455372856}"
EndProject
Project("{FAE04EC0-301F-11D3-BF4B-00C04F79EFBC}") = "Cynthia.Chat.MongoDB","src\Cynthia.Chat.MongoDB\Cynthia.Chat.MongoDB.csproj", "{731523DF-C235-4B7E-BE59-B2E02DD8D2DF}"
EndProject
Global
	GlobalSection(SolutionConfigurationPlatforms) = preSolution
		Debug|Any CPU = Debug|Any CPU
		Debug|x64 = Debug|x64
		Debug|x86 = Debug|x86
		Release|Any CPU = Release|Any CPU
		Release|x64 = Release|x64
		Release|x86 = Release|x86
	EndGlobalSection
	GlobalSection(SolutionProperties) = preSolution
		HideSolutionNode = FALSE
	EndGlobalSection
	GlobalSection(ProjectConfigurationPlatforms) = postSolution
		{00DEE618-00A2-4A73-BC8A-A8E8231AEC0D}.Debug|Any CPU.ActiveCfg = Debug|Any CPU
		{00DEE618-00A2-4A73-BC8A-A8E8231AEC0D}.Debug|Any CPU.Build.0 = Debug|Any CPU
		{00DEE618-00A2-4A73-BC8A-A8E8231AEC0D}.Debug|x64.ActiveCfg = Debug|x64
		{00DEE618-00A2-4A73-BC8A-A8E8231AEC0D}.Debug|x64.Build.0 = Debug|x64
		{00DEE618-00A2-4A73-BC8A-A8E8231AEC0D}.Debug|x86.ActiveCfg = Debug|x86
		{00DEE618-00A2-4A73-BC8A-A8E8231AEC0D}.Debug|x86.Build.0 = Debug|x86
		{00DEE618-00A2-4A73-BC8A-A8E8231AEC0D}.Release|Any CPU.ActiveCfg = Release|Any CPU
		{00DEE618-00A2-4A73-BC8A-A8E8231AEC0D}.Release|Any CPU.Build.0 = Release|Any CPU
		{00DEE618-00A2-4A73-BC8A-A8E8231AEC0D}.Release|x64.ActiveCfg = Release|x64
		{00DEE618-00A2-4A73-BC8A-A8E8231AEC0D}.Release|x64.Build.0 = Release|x64
		{00DEE618-00A2-4A73-BC8A-A8E8231AEC0D}.Release|x86.ActiveCfg = Release|x86
		{00DEE618-00A2-4A73-BC8A-A8E8231AEC0D}.Release|x86.Build.0 = Release|x86
		{1B473633-9F7E-41DD-894F-172290E8F8DB}.Debug|Any CPU.ActiveCfg = Debug|Any CPU
		{1B473633-9F7E-41DD-894F-172290E8F8DB}.Debug|Any CPU.Build.0 = Debug|Any CPU
		{1B473633-9F7E-41DD-894F-172290E8F8DB}.Debug|x64.ActiveCfg = Debug|x64
		{1B473633-9F7E-41DD-894F-172290E8F8DB}.Debug|x64.Build.0 = Debug|x64
		{1B473633-9F7E-41DD-894F-172290E8F8DB}.Debug|x86.ActiveCfg = Debug|x86
		{1B473633-9F7E-41DD-894F-172290E8F8DB}.Debug|x86.Build.0 = Debug|x86
		{1B473633-9F7E-41DD-894F-172290E8F8DB}.Release|Any CPU.ActiveCfg = Release|Any CPU
		{1B473633-9F7E-41DD-894F-172290E8F8DB}.Release|Any CPU.Build.0 = Release|Any CPU
		{1B473633-9F7E-41DD-894F-172290E8F8DB}.Release|x64.ActiveCfg = Release|x64
		{1B473633-9F7E-41DD-894F-172290E8F8DB}.Release|x64.Build.0 = Release|x64
		{1B473633-9F7E-41DD-894F-172290E8F8DB}.Release|x86.ActiveCfg = Release|x86
		{1B473633-9F7E-41DD-894F-172290E8F8DB}.Release|x86.Build.0 = Release|x86
		{5E87308E-B05E-424B-BAD7-95D455372856}.Debug|Any CPU.ActiveCfg = Debug|Any CPU
		{5E87308E-B05E-424B-BAD7-95D455372856}.Debug|Any CPU.Build.0 = Debug|Any CPU
		{5E87308E-B05E-424B-BAD7-95D455372856}.Debug|x64.ActiveCfg = Debug|x64
		{5E87308E-B05E-424B-BAD7-95D455372856}.Debug|x64.Build.0 = Debug|x64
		{5E87308E-B05E-424B-BAD7-95D455372856}.Debug|x86.ActiveCfg = Debug|x86
		{5E87308E-B05E-424B-BAD7-95D455372856}.Debug|x86.Build.0 = Debug|x86
		{5E87308E-B05E-424B-BAD7-95D455372856}.Release|Any CPU.ActiveCfg = Release|Any CPU
		{5E87308E-B05E-424B-BAD7-95D455372856}.Release|Any CPU.Build.0 = Release|Any CPU
		{5E87308E-B05E-424B-BAD7-95D455372856}.Release|x64.ActiveCfg = Release|x64
		{5E87308E-B05E-424B-BAD7-95D455372856}.Release|x64.Build.0 = Release|x64
		{5E87308E-B05E-424B-BAD7-95D455372856}.Release|x86.ActiveCfg = Release|x86
		{5E87308E-B05E-424B-BAD7-95D455372856}.Release|x86.Build.0 = Release|x86
		{731523DF-C235-4B7E-BE59-B2E02DD8D2DF}.Debug|Any CPU.ActiveCfg = Debug|Any CPU
		{731523DF-C235-4B7E-BE59-B2E02DD8D2DF}.Debug|Any CPU.Build.0 = Debug|Any CPU
		{731523DF-C235-4B7E-BE59-B2E02DD8D2DF}.Debug|x64.ActiveCfg = Debug|Any CPU
		{731523DF-C235-4B7E-BE59-B2E02DD8D2DF}.Debug|x64.Build.0 = Debug|Any CPU
		{731523DF-C235-4B7E-BE59-B2E02DD8D2DF}.Debug|x86.ActiveCfg = Debug|Any CPU
		{731523DF-C235-4B7E-BE59-B2E02DD8D2DF}.Debug|x86.Build.0 = Debug|Any CPU
		{731523DF-C235-4B7E-BE59-B2E02DD8D2DF}.Release|Any CPU.ActiveCfg = Release|Any CPU
		{731523DF-C235-4B7E-BE59-B2E02DD8D2DF}.Release|Any CPU.Build.0 = Release|Any CPU
		{731523DF-C235-4B7E-BE59-B2E02DD8D2DF}.Release|x64.ActiveCfg = Release|Any CPU
		{731523DF-C235-4B7E-BE59-B2E02DD8D2DF}.Release|x64.Build.0 = Release|Any CPU
		{731523DF-C235-4B7E-BE59-B2E02DD8D2DF}.Release|x86.ActiveCfg = Release|Any CPU
		{731523DF-C235-4B7E-BE59-B2E02DD8D2DF}.Release|x86.Build.0 = Release|Any CPU
	EndGlobalSection
	GlobalSection(NestedProjects) = preSolution
		{00DEE618-00A2-4A73-BC8A-A8E8231AEC0D} = {06497DD3-62C0-4CC1-8A27-80DAF481995E}
		{1B473633-9F7E-41DD-894F-172290E8F8DB} = {06497DD3-62C0-4CC1-8A27-80DAF481995E}
		{5E87308E-B05E-424B-BAD7-95D455372856} = {06497DD3-62C0-4CC1-8A27-80DAF481995E}
		{731523DF-C235-4B7E-BE59-B2E02DD8D2DF} = {06497DD3-62C0-4CC1-8A27-80DAF481995E}
	EndGlobalSection
EndGlobal
